
Microsoft Visual Studio Solution File, Format Version 12.00
# Visual Studio Version 17
VisualStudioVersion = 17.11.35222.181
MinimumVisualStudioVersion = 10.0.40219.1
Project("{9A19103F-16F7-4668-BE54-9A1E7A4F7556}") = "Kronos", "Kronos\Kronos.csproj", "{3C519D87-4EFD-481E-8A24-C3A1C358B8E1}"
EndProject
Project("{9A19103F-16F7-4668-BE54-9A1E7A4F7556}") = "Kronos.Provider", "Kronos.Provider\Kronos.Provider.csproj", "{2D263F1A-8C44-467E-8018-6B699E7DCC57}"
EndProject
Project("{9A19103F-16F7-4668-BE54-9A1E7A4F7556}") = "Kronos.Domain", "Kronos.Domain\Kronos.Domain.csproj", "{157281FA-F8D2-422B-8B77-C372B821E1D8}"
EndProject
Project("{9A19103F-16F7-4668-BE54-9A1E7A4F7556}") = "Kronos.Service", "Kronos.Service\Kronos.Service.csproj", "{D82DA161-EEA0-478E-B6DB-10CED29273BE}"
EndProject
Global
	GlobalSection(SolutionConfigurationPlatforms) = preSolution
		Debug|Any CPU = Debug|Any CPU
		Release|Any CPU = Release|Any CPU
	EndGlobalSection
	GlobalSection(ProjectConfigurationPlatforms) = postSolution
		{3C519D87-4EFD-481E-8A24-C3A1C358B8E1}.Debug|Any CPU.ActiveCfg = Debug|Any CPU
		{3C519D87-4EFD-481E-8A24-C3A1C358B8E1}.Debug|Any CPU.Build.0 = Debug|Any CPU
		{3C519D87-4EFD-481E-8A24-C3A1C358B8E1}.Release|Any CPU.ActiveCfg = Release|Any CPU
		{3C519D87-4EFD-481E-8A24-C3A1C358B8E1}.Release|Any CPU.Build.0 = Release|Any CPU
		{2D263F1A-8C44-467E-8018-6B699E7DCC57}.Debug|Any CPU.ActiveCfg = Debug|Any CPU
		{2D263F1A-8C44-467E-8018-6B699E7DCC57}.Debug|Any CPU.Build.0 = Debug|Any CPU
		{2D263F1A-8C44-467E-8018-6B699E7DCC57}.Release|Any CPU.ActiveCfg = Release|Any CPU
		{2D263F1A-8C44-467E-8018-6B699E7DCC57}.Release|Any CPU.Build.0 = Release|Any CPU
		{157281FA-F8D2-422B-8B77-C372B821E1D8}.Debug|Any CPU.ActiveCfg = Debug|Any CPU
		{157281FA-F8D2-422B-8B77-C372B821E1D8}.Debug|Any CPU.Build.0 = Debug|Any CPU
		{157281FA-F8D2-422B-8B77-C372B821E1D8}.Release|Any CPU.ActiveCfg = Release|Any CPU
		{157281FA-F8D2-422B-8B77-C372B821E1D8}.Release|Any CPU.Build.0 = Release|Any CPU
		{D82DA161-EEA0-478E-B6DB-10CED29273BE}.Debug|Any CPU.ActiveCfg = Debug|Any CPU
		{D82DA161-EEA0-478E-B6DB-10CED29273BE}.Debug|Any CPU.Build.0 = Debug|Any CPU
		{D82DA161-EEA0-478E-B6DB-10CED29273BE}.Release|Any CPU.ActiveCfg = Release|Any CPU
		{D82DA161-EEA0-478E-B6DB-10CED29273BE}.Release|Any CPU.Build.0 = Release|Any CPU
	EndGlobalSection
	GlobalSection(SolutionProperties) = preSolution
		HideSolutionNode = FALSE
	EndGlobalSection
	GlobalSection(ExtensibilityGlobals) = postSolution
		SolutionGuid = {A00238EE-E4DC-4FDB-80C0-E175717986EC}
	EndGlobalSection
EndGlobal
