
Microsoft Visual Studio Solution File, Format Version 12.00
# Visual Studio Version 17
VisualStudioVersion = 17.11.35312.102
MinimumVisualStudioVersion = 10.0.40219.1
Project("{9A19103F-16F7-4668-BE54-9A1E7A4F7556}") = "Kronos", "Kronos\Kronos\Kronos.csproj", "{77160E5E-0DB7-477C-8465-BAE4375C1538}"
EndProject
Project("{9A19103F-16F7-4668-BE54-9A1E7A4F7556}") = "Kronos.Client", "Kronos\Kronos.Client\Kronos.Client.csproj", "{98202281-0AA6-4BBA-92F3-767998EB1125}"
EndProject
Project("{9A19103F-16F7-4668-BE54-9A1E7A4F7556}") = "Kronos.Domain", "Kronos.Domain\Kronos.Domain.csproj", "{CF587304-6498-4998-BCE8-58643115BED3}"
EndProject
Project("{9A19103F-16F7-4668-BE54-9A1E7A4F7556}") = "Kronos.Service", "Kronos.Service\Kronos.Service.csproj", "{9FB8B3EA-EA8C-4390-B644-2CE2BA731D88}"
EndProject
Project("{FAE04EC0-301F-11D3-BF4B-00C04F79EFBC}") = "Kronos.Provider", "Kronos.Provider\Kronos.Provider.csproj", "{743353AE-9100-42F8-99FE-BAFA0025230B}"
EndProject
Project("{FAE04EC0-301F-11D3-BF4B-00C04F79EFBC}") = "Kronos.Repository", "Kronos.Repository\Kronos.Repository.csproj", "{95EF42CC-6206-4EA8-B9B4-57F51D2AD010}"
EndProject
Global
	GlobalSection(SolutionConfigurationPlatforms) = preSolution
		Debug|Any CPU = Debug|Any CPU
		Release|Any CPU = Release|Any CPU
	EndGlobalSection
	GlobalSection(ProjectConfigurationPlatforms) = postSolution
		{77160E5E-0DB7-477C-8465-BAE4375C1538}.Debug|Any CPU.ActiveCfg = Debug|Any CPU
		{77160E5E-0DB7-477C-8465-BAE4375C1538}.Debug|Any CPU.Build.0 = Debug|Any CPU
		{77160E5E-0DB7-477C-8465-BAE4375C1538}.Release|Any CPU.ActiveCfg = Release|Any CPU
		{77160E5E-0DB7-477C-8465-BAE4375C1538}.Release|Any CPU.Build.0 = Release|Any CPU
		{98202281-0AA6-4BBA-92F3-767998EB1125}.Debug|Any CPU.ActiveCfg = Debug|Any CPU
		{98202281-0AA6-4BBA-92F3-767998EB1125}.Debug|Any CPU.Build.0 = Debug|Any CPU
		{98202281-0AA6-4BBA-92F3-767998EB1125}.Release|Any CPU.ActiveCfg = Release|Any CPU
		{98202281-0AA6-4BBA-92F3-767998EB1125}.Release|Any CPU.Build.0 = Release|Any CPU
		{CF587304-6498-4998-BCE8-58643115BED3}.Debug|Any CPU.ActiveCfg = Debug|Any CPU
		{CF587304-6498-4998-BCE8-58643115BED3}.Debug|Any CPU.Build.0 = Debug|Any CPU
		{CF587304-6498-4998-BCE8-58643115BED3}.Release|Any CPU.ActiveCfg = Release|Any CPU
		{CF587304-6498-4998-BCE8-58643115BED3}.Release|Any CPU.Build.0 = Release|Any CPU
		{9FB8B3EA-EA8C-4390-B644-2CE2BA731D88}.Debug|Any CPU.ActiveCfg = Debug|Any CPU
		{9FB8B3EA-EA8C-4390-B644-2CE2BA731D88}.Debug|Any CPU.Build.0 = Debug|Any CPU
		{9FB8B3EA-EA8C-4390-B644-2CE2BA731D88}.Release|Any CPU.ActiveCfg = Release|Any CPU
		{9FB8B3EA-EA8C-4390-B644-2CE2BA731D88}.Release|Any CPU.Build.0 = Release|Any CPU
		{743353AE-9100-42F8-99FE-BAFA0025230B}.Debug|Any CPU.ActiveCfg = Debug|Any CPU
		{743353AE-9100-42F8-99FE-BAFA0025230B}.Debug|Any CPU.Build.0 = Debug|Any CPU
		{743353AE-9100-42F8-99FE-BAFA0025230B}.Release|Any CPU.ActiveCfg = Release|Any CPU
		{743353AE-9100-42F8-99FE-BAFA0025230B}.Release|Any CPU.Build.0 = Release|Any CPU
		{95EF42CC-6206-4EA8-B9B4-57F51D2AD010}.Debug|Any CPU.ActiveCfg = Debug|Any CPU
		{95EF42CC-6206-4EA8-B9B4-57F51D2AD010}.Debug|Any CPU.Build.0 = Debug|Any CPU
		{95EF42CC-6206-4EA8-B9B4-57F51D2AD010}.Release|Any CPU.ActiveCfg = Release|Any CPU
		{95EF42CC-6206-4EA8-B9B4-57F51D2AD010}.Release|Any CPU.Build.0 = Release|Any CPU
	EndGlobalSection
	GlobalSection(SolutionProperties) = preSolution
		HideSolutionNode = FALSE
	EndGlobalSection
	GlobalSection(ExtensibilityGlobals) = postSolution
		SolutionGuid = {8A6BC6BE-9305-4C8D-97EC-6270F92542B6}
	EndGlobalSection
EndGlobal
